
Microsoft Visual Studio Solution File, Format Version 12.00
# Visual Studio Version 16
VisualStudioVersion = 16.0.31829.152
MinimumVisualStudioVersion = 10.0.40219.1
Project("{FAE04EC0-301F-11D3-BF4B-00C04F79EFBC}") = "CheckCert", "CheckCert\CheckCert.csproj", "{7A816E69-D79F-4C04-A3AC-55FD3E1E6758}"
EndProject
Global
	GlobalSection(SolutionConfigurationPlatforms) = preSolution
		Debug|Any CPU = Debug|Any CPU
		Debug|x64 = Debug|x64
		Release|Any CPU = Release|Any CPU
		Release|x64 = Release|x64
	EndGlobalSection
	GlobalSection(ProjectConfigurationPlatforms) = postSolution
		{7A816E69-D79F-4C04-A3AC-55FD3E1E6758}.Debug|Any CPU.ActiveCfg = Debug|Any CPU
		{7A816E69-D79F-4C04-A3AC-55FD3E1E6758}.Debug|Any CPU.Build.0 = Debug|Any CPU
		{7A816E69-D79F-4C04-A3AC-55FD3E1E6758}.Debug|x64.ActiveCfg = Debug|x64
		{7A816E69-D79F-4C04-A3AC-55FD3E1E6758}.Debug|x64.Build.0 = Debug|x64
		{7A816E69-D79F-4C04-A3AC-55FD3E1E6758}.Release|Any CPU.ActiveCfg = Release|Any CPU
		{7A816E69-D79F-4C04-A3AC-55FD3E1E6758}.Release|Any CPU.Build.0 = Release|Any CPU
		{7A816E69-D79F-4C04-A3AC-55FD3E1E6758}.Release|x64.ActiveCfg = Release|x64
		{7A816E69-D79F-4C04-A3AC-55FD3E1E6758}.Release|x64.Build.0 = Release|x64
	EndGlobalSection
	GlobalSection(SolutionProperties) = preSolution
		HideSolutionNode = FALSE
	EndGlobalSection
	GlobalSection(ExtensibilityGlobals) = postSolution
		SolutionGuid = {568CF4E7-EC4C-4B78-8B12-8A419A520DC3}
	EndGlobalSection
EndGlobal
